
Microsoft Visual Studio Solution File, Format Version 12.00
# Visual Studio Version 16
VisualStudioVersion = 16.0.30804.86
MinimumVisualStudioVersion = 10.0.40219.1
Project("{8BC9CEB8-8B4A-11D0-8D11-00A0C91BC942}") = "ConsoleApplication1", "ConsoleApplication1\ConsoleApplication1.vcxproj", "{46EE3A1E-6600-499A-9F25-59FE05B9EB0F}"
EndProject
Global
	GlobalSection(SolutionConfigurationPlatforms) = preSolution
		Debug|x64 = Debug|x64
		Debug|x86 = Debug|x86
		Release|x64 = Release|x64
		Release|x86 = Release|x86
	EndGlobalSection
	GlobalSection(ProjectConfigurationPlatforms) = postSolution
		{46EE3A1E-6600-499A-9F25-59FE05B9EB0F}.Debug|x64.ActiveCfg = Debug|x64
		{46EE3A1E-6600-499A-9F25-59FE05B9EB0F}.Debug|x64.Build.0 = Debug|x64
		{46EE3A1E-6600-499A-9F25-59FE05B9EB0F}.Debug|x86.ActiveCfg = Debug|Win32
		{46EE3A1E-6600-499A-9F25-59FE05B9EB0F}.Debug|x86.Build.0 = Debug|Win32
		{46EE3A1E-6600-499A-9F25-59FE05B9EB0F}.Release|x64.ActiveCfg = Release|x64
		{46EE3A1E-6600-499A-9F25-59FE05B9EB0F}.Release|x64.Build.0 = Release|x64
		{46EE3A1E-6600-499A-9F25-59FE05B9EB0F}.Release|x86.ActiveCfg = Release|Win32
		{46EE3A1E-6600-499A-9F25-59FE05B9EB0F}.Release|x86.Build.0 = Release|Win32
	EndGlobalSection
	GlobalSection(SolutionProperties) = preSolution
		HideSolutionNode = FALSE
	EndGlobalSection
	GlobalSection(ExtensibilityGlobals) = postSolution
		SolutionGuid = {534D8DDA-9419-473C-861B-0A01770CE62D}
	EndGlobalSection
EndGlobal
